// !$*UTF8*$!
{
	archiveVersion = 1;
	classes = {
	};
	objectVersion = 50;
	objects = {

/* Begin PBXBuildFile section */
		1153A93F2479990C003D0921 /* AppDelegate.swift in Sources */ = {isa = PBXBuildFile; fileRef = 1153A93E2479990C003D0921 /* AppDelegate.swift */; };
		1153A9412479990C003D0921 /* SceneDelegate.swift in Sources */ = {isa = PBXBuildFile; fileRef = 1153A9402479990C003D0921 /* SceneDelegate.swift */; };
		1153A9432479990C003D0921 /* WelcomeVC.swift in Sources */ = {isa = PBXBuildFile; fileRef = 1153A9422479990C003D0921 /* WelcomeVC.swift */; };
		1153A9462479990C003D0921 /* Main.storyboard in Resources */ = {isa = PBXBuildFile; fileRef = 1153A9442479990C003D0921 /* Main.storyboard */; };
		1153A9482479990E003D0921 /* Assets.xcassets in Resources */ = {isa = PBXBuildFile; fileRef = 1153A9472479990E003D0921 /* Assets.xcassets */; };
		1153A94B2479990E003D0921 /* LaunchScreen.storyboard in Resources */ = {isa = PBXBuildFile; fileRef = 1153A9492479990E003D0921 /* LaunchScreen.storyboard */; };
		1153A95324799F1E003D0921 /* BorderButton.swift in Sources */ = {isa = PBXBuildFile; fileRef = 1153A95224799F1E003D0921 /* BorderButton.swift */; };
		11CF90612479ADBE005C7A95 /* DesiredLeagueVC.swift in Sources */ = {isa = PBXBuildFile; fileRef = 11CF90602479ADBE005C7A95 /* DesiredLeagueVC.swift */; };
		11CF90632479AF19005C7A95 /* Player.swift in Sources */ = {isa = PBXBuildFile; fileRef = 11CF90622479AF19005C7A95 /* Player.swift */; };
		11CF90672479B0C5005C7A95 /* BeginnerVC.swift in Sources */ = {isa = PBXBuildFile; fileRef = 11CF90662479B0C5005C7A95 /* BeginnerVC.swift */; };
/* End PBXBuildFile section */

/* Begin PBXFileReference section */
		1153A93B2479990C003D0921 /* App-Swoosh.app */ = {isa = PBXFileReference; explicitFileType = wrapper.application; includeInIndex = 0; path = "App-Swoosh.app"; sourceTree = BUILT_PRODUCTS_DIR; };
		1153A93E2479990C003D0921 /* AppDelegate.swift */ = {isa = PBXFileReference; lastKnownFileType = sourcecode.swift; path = AppDelegate.swift; sourceTree = "<group>"; };
		1153A9402479990C003D0921 /* SceneDelegate.swift */ = {isa = PBXFileReference; lastKnownFileType = sourcecode.swift; path = SceneDelegate.swift; sourceTree = "<group>"; };
		1153A9422479990C003D0921 /* WelcomeVC.swift */ = {isa = PBXFileReference; lastKnownFileType = sourcecode.swift; path = WelcomeVC.swift; sourceTree = "<group>"; };
		1153A9452479990C003D0921 /* Base */ = {isa = PBXFileReference; lastKnownFileType = file.storyboard; name = Base; path = Base.lproj/Main.storyboard; sourceTree = "<group>"; };
		1153A9472479990E003D0921 /* Assets.xcassets */ = {isa = PBXFileReference; lastKnownFileType = folder.assetcatalog; path = Assets.xcassets; sourceTree = "<group>"; };
		1153A94A2479990E003D0921 /* Base */ = {isa = PBXFileReference; lastKnownFileType = file.storyboard; name = Base; path = Base.lproj/LaunchScreen.storyboard; sourceTree = "<group>"; };
		1153A94C2479990E003D0921 /* Info.plist */ = {isa = PBXFileReference; lastKnownFileType = text.plist.xml; path = Info.plist; sourceTree = "<group>"; };
		1153A95224799F1E003D0921 /* BorderButton.swift */ = {isa = PBXFileReference; lastKnownFileType = sourcecode.swift; path = BorderButton.swift; sourceTree = "<group>"; };
		11CF90602479ADBE005C7A95 /* DesiredLeagueVC.swift */ = {isa = PBXFileReference; lastKnownFileType = sourcecode.swift; path = DesiredLeagueVC.swift; sourceTree = "<group>"; };
		11CF90622479AF19005C7A95 /* Player.swift */ = {isa = PBXFileReference; lastKnownFileType = sourcecode.swift; path = Player.swift; sourceTree = "<group>"; };
		11CF90662479B0C5005C7A95 /* BeginnerVC.swift */ = {isa = PBXFileReference; lastKnownFileType = sourcecode.swift; path = BeginnerVC.swift; sourceTree = "<group>"; };
/* End PBXFileReference section */

/* Begin PBXFrameworksBuildPhase section */
		1153A9382479990C003D0921 /* Frameworks */ = {
			isa = PBXFrameworksBuildPhase;
			buildActionMask = 2147483647;
			files = (
			);
			runOnlyForDeploymentPostprocessing = 0;
		};
/* End PBXFrameworksBuildPhase section */

/* Begin PBXGroup section */
		1153A9322479990C003D0921 = {
			isa = PBXGroup;
			children = (
				1153A93D2479990C003D0921 /* App-Swoosh */,
				1153A93C2479990C003D0921 /* Products */,
			);
			sourceTree = "<group>";
		};
		1153A93C2479990C003D0921 /* Products */ = {
			isa = PBXGroup;
			children = (
				1153A93B2479990C003D0921 /* App-Swoosh.app */,
			);
			name = Products;
			sourceTree = "<group>";
		};
		1153A93D2479990C003D0921 /* App-Swoosh */ = {
			isa = PBXGroup;
			children = (
				11CF90652479AFC2005C7A95 /* Controller */,
				11CF90642479AFB9005C7A95 /* Model */,
				1153A93E2479990C003D0921 /* AppDelegate.swift */,
				1153A9402479990C003D0921 /* SceneDelegate.swift */,
				1153A9442479990C003D0921 /* Main.storyboard */,
				1153A9472479990E003D0921 /* Assets.xcassets */,
				1153A9492479990E003D0921 /* LaunchScreen.storyboard */,
				1153A94C2479990E003D0921 /* Info.plist */,
			);
			path = "App-Swoosh";
			sourceTree = "<group>";
		};
		11CF90642479AFB9005C7A95 /* Model */ = {
			isa = PBXGroup;
			children = (
				11CF90622479AF19005C7A95 /* Player.swift */,
				1153A95224799F1E003D0921 /* BorderButton.swift */,
			);
			path = Model;
			sourceTree = "<group>";
		};
		11CF90652479AFC2005C7A95 /* Controller */ = {
			isa = PBXGroup;
			children = (
				1153A9422479990C003D0921 /* WelcomeVC.swift */,
				11CF90602479ADBE005C7A95 /* DesiredLeagueVC.swift */,
				11CF90662479B0C5005C7A95 /* BeginnerVC.swift */,
			);
			path = Controller;
			sourceTree = "<group>";
		};
/* End PBXGroup section */

/* Begin PBXNativeTarget section */
		1153A93A2479990C003D0921 /* App-Swoosh */ = {
			isa = PBXNativeTarget;
			buildConfigurationList = 1153A94F2479990E003D0921 /* Build configuration list for PBXNativeTarget "App-Swoosh" */;
			buildPhases = (
				1153A9372479990C003D0921 /* Sources */,
				1153A9382479990C003D0921 /* Frameworks */,
				1153A9392479990C003D0921 /* Resources */,
			);
			buildRules = (
			);
			dependencies = (
			);
			name = "App-Swoosh";
			productName = "App-Swoosh";
			productReference = 1153A93B2479990C003D0921 /* App-Swoosh.app */;
			productType = "com.apple.product-type.application";
		};
/* End PBXNativeTarget section */

/* Begin PBXProject section */
		1153A9332479990C003D0921 /* Project object */ = {
			isa = PBXProject;
			attributes = {
				LastSwiftUpdateCheck = 1130;
				LastUpgradeCheck = 1130;
				ORGANIZATIONNAME = Heena;
				TargetAttributes = {
					1153A93A2479990C003D0921 = {
						CreatedOnToolsVersion = 11.3;
					};
				};
			};
			buildConfigurationList = 1153A9362479990C003D0921 /* Build configuration list for PBXProject "App-Swoosh" */;
			compatibilityVersion = "Xcode 9.3";
			developmentRegion = en;
			hasScannedForEncodings = 0;
			knownRegions = (
				en,
				Base,
			);
			mainGroup = 1153A9322479990C003D0921;
			productRefGroup = 1153A93C2479990C003D0921 /* Products */;
			projectDirPath = "";
			projectRoot = "";
			targets = (
				1153A93A2479990C003D0921 /* App-Swoosh */,
			);
		};
/* End PBXProject section */

/* Begin PBXResourcesBuildPhase section */
		1153A9392479990C003D0921 /* Resources */ = {
			isa = PBXResourcesBuildPhase;
			buildActionMask = 2147483647;
			files = (
				1153A94B2479990E003D0921 /* LaunchScreen.storyboard in Resources */,
				1153A9482479990E003D0921 /* Assets.xcassets in Resources */,
				1153A9462479990C003D0921 /* Main.storyboard in Resources */,
			);
			runOnlyForDeploymentPostprocessing = 0;
		};
/* End PBXResourcesBuildPhase section */

/* Begin PBXSourcesBuildPhase section */
		1153A9372479990C003D0921 /* Sources */ = {
			isa = PBXSourcesBuildPhase;
			buildActionMask = 2147483647;
			files = (
				1153A9432479990C003D0921 /* WelcomeVC.swift in Sources */,
				11CF90632479AF19005C7A95 /* Player.swift in Sources */,
				1153A93F2479990C003D0921 /* AppDelegate.swift in Sources */,
				11CF90672479B0C5005C7A95 /* BeginnerVC.swift in Sources */,
				1153A9412479990C003D0921 /* SceneDelegate.swift in Sources */,
				1153A95324799F1E003D0921 /* BorderButton.swift in Sources */,
				11CF90612479ADBE005C7A95 /* DesiredLeagueVC.swift in Sources */,
			);
			runOnlyForDeploymentPostprocessing = 0;
		};
/* End PBXSourcesBuildPhase section */

/* Begin PBXVariantGroup section */
		1153A9442479990C003D0921 /* Main.storyboard */ = {
			isa = PBXVariantGroup;
			children = (
				1153A9452479990C003D0921 /* Base */,
			);
			name = Main.storyboard;
			sourceTree = "<group>";
		};
		1153A9492479990E003D0921 /* LaunchScreen.storyboard */ = {
			isa = PBXVariantGroup;
			children = (
				1153A94A2479990E003D0921 /* Base */,
			);
			name = LaunchScreen.storyboard;
			sourceTree = "<group>";
		};
/* End PBXVariantGroup section */

/* Begin XCBuildConfiguration section */
		1153A94D2479990E003D0921 /* Debug */ = {
			isa = XCBuildConfiguration;
			buildSettings = {
				ALWAYS_SEARCH_USER_PATHS = NO;
				CLANG_ANALYZER_NONNULL = YES;
				CLANG_ANALYZER_NUMBER_OBJECT_CONVERSION = YES_AGGRESSIVE;
				CLANG_CXX_LANGUAGE_STANDARD = "gnu++14";
				CLANG_CXX_LIBRARY = "libc++";
				CLANG_ENABLE_MODULES = YES;
				CLANG_ENABLE_OBJC_ARC = YES;
				CLANG_ENABLE_OBJC_WEAK = YES;
				CLANG_WARN_BLOCK_CAPTURE_AUTORELEASING = YES;
				CLANG_WARN_BOOL_CONVERSION = YES;
				CLANG_WARN_COMMA = YES;
				CLANG_WARN_CONSTANT_CONVERSION = YES;
				CLANG_WARN_DEPRECATED_OBJC_IMPLEMENTATIONS = YES;
				CLANG_WARN_DIRECT_OBJC_ISA_USAGE = YES_ERROR;
				CLANG_WARN_DOCUMENTATION_COMMENTS = YES;
				CLANG_WARN_EMPTY_BODY = YES;
				CLANG_WARN_ENUM_CONVERSION = YES;
				CLANG_WARN_INFINITE_RECURSION = YES;
				CLANG_WARN_INT_CONVERSION = YES;
				CLANG_WARN_NON_LITERAL_NULL_CONVERSION = YES;
				CLANG_WARN_OBJC_IMPLICIT_RETAIN_SELF = YES;
				CLANG_WARN_OBJC_LITERAL_CONVERSION = YES;
				CLANG_WARN_OBJC_ROOT_CLASS = YES_ERROR;
				CLANG_WARN_RANGE_LOOP_ANALYSIS = YES;
				CLANG_WARN_STRICT_PROTOTYPES = YES;
				CLANG_WARN_SUSPICIOUS_MOVE = YES;
				CLANG_WARN_UNGUARDED_AVAILABILITY = YES_AGGRESSIVE;
				CLANG_WARN_UNREACHABLE_CODE = YES;
				CLANG_WARN__DUPLICATE_METHOD_MATCH = YES;
				COPY_PHASE_STRIP = NO;
				DEBUG_INFORMATION_FORMAT = dwarf;
				ENABLE_STRICT_OBJC_MSGSEND = YES;
				ENABLE_TESTABILITY = YES;
				GCC_C_LANGUAGE_STANDARD = gnu11;
				GCC_DYNAMIC_NO_PIC = NO;
				GCC_NO_COMMON_BLOCKS = YES;
				GCC_OPTIMIZATION_LEVEL = 0;
				GCC_PREPROCESSOR_DEFINITIONS = (
					"DEBUG=1",
					"$(inherited)",
				);
				GCC_WARN_64_TO_32_BIT_CONVERSION = YES;
				GCC_WARN_ABOUT_RETURN_TYPE = YES_ERROR;
				GCC_WARN_UNDECLARED_SELECTOR = YES;
				GCC_WARN_UNINITIALIZED_AUTOS = YES_AGGRESSIVE;
				GCC_WARN_UNUSED_FUNCTION = YES;
				GCC_WARN_UNUSED_VARIABLE = YES;
				IPHONEOS_DEPLOYMENT_TARGET = 13.2;
				MTL_ENABLE_DEBUG_INFO = INCLUDE_SOURCE;
				MTL_FAST_MATH = YES;
				ONLY_ACTIVE_ARCH = YES;
				SDKROOT = iphoneos;
				SWIFT_ACTIVE_COMPILATION_CONDITIONS = DEBUG;
				SWIFT_OPTIMIZATION_LEVEL = "-Onone";
			};
			name = Debug;
		};
		1153A94E2479990E003D0921 /* Release */ = {
			isa = XCBuildConfiguration;
			buildSettings = {
				ALWAYS_SEARCH_USER_PATHS = NO;
				CLANG_ANALYZER_NONNULL = YES;
				CLANG_ANALYZER_NUMBER_OBJECT_CONVERSION = YES_AGGRESSIVE;
				CLANG_CXX_LANGUAGE_STANDARD = "gnu++14";
				CLANG_CXX_LIBRARY = "libc++";
				CLANG_ENABLE_MODULES = YES;
				CLANG_ENABLE_OBJC_ARC = YES;
				CLANG_ENABLE_OBJC_WEAK = YES;
				CLANG_WARN_BLOCK_CAPTURE_AUTORELEASING = YES;
				CLANG_WARN_BOOL_CONVERSION = YES;
				CLANG_WARN_COMMA = YES;
				CLANG_WARN_CONSTANT_CONVERSION = YES;
				CLANG_WARN_DEPRECATED_OBJC_IMPLEMENTATIONS = YES;
				CLANG_WARN_DIRECT_OBJC_ISA_USAGE = YES_ERROR;
				CLANG_WARN_DOCUMENTATION_COMMENTS = YES;
				CLANG_WARN_EMPTY_BODY = YES;
				CLANG_WARN_ENUM_CONVERSION = YES;
				CLANG_WARN_INFINITE_RECURSION = YES;
				CLANG_WARN_INT_CONVERSION = YES;
				CLANG_WARN_NON_LITERAL_NULL_CONVERSION = YES;
				CLANG_WARN_OBJC_IMPLICIT_RETAIN_SELF = YES;
				CLANG_WARN_OBJC_LITERAL_CONVERSION = YES;
				CLANG_WARN_OBJC_ROOT_CLASS = YES_ERROR;
				CLANG_WARN_RANGE_LOOP_ANALYSIS = YES;
				CLANG_WARN_STRICT_PROTOTYPES = YES;
				CLANG_WARN_SUSPICIOUS_MOVE = YES;
				CLANG_WARN_UNGUARDED_AVAILABILITY = YES_AGGRESSIVE;
				CLANG_WARN_UNREACHABLE_CODE = YES;
				CLANG_WARN__DUPLICATE_METHOD_MATCH = YES;
				COPY_PHASE_STRIP = NO;
				DEBUG_INFORMATION_FORMAT = "dwarf-with-dsym";
				ENABLE_NS_ASSERTIONS = NO;
				ENABLE_STRICT_OBJC_MSGSEND = YES;
				GCC_C_LANGUAGE_STANDARD = gnu11;
				GCC_NO_COMMON_BLOCKS = YES;
				GCC_WARN_64_TO_32_BIT_CONVERSION = YES;
				GCC_WARN_ABOUT_RETURN_TYPE = YES_ERROR;
				GCC_WARN_UNDECLARED_SELECTOR = YES;
				GCC_WARN_UNINITIALIZED_AUTOS = YES_AGGRESSIVE;
				GCC_WARN_UNUSED_FUNCTION = YES;
				GCC_WARN_UNUSED_VARIABLE = YES;
				IPHONEOS_DEPLOYMENT_TARGET = 13.2;
				MTL_ENABLE_DEBUG_INFO = NO;
				MTL_FAST_MATH = YES;
				SDKROOT = iphoneos;
				SWIFT_COMPILATION_MODE = wholemodule;
				SWIFT_OPTIMIZATION_LEVEL = "-O";
				VALIDATE_PRODUCT = YES;
			};
			name = Release;
		};
		1153A9502479990E003D0921 /* Debug */ = {
			isa = XCBuildConfiguration;
			buildSettings = {
				ASSETCATALOG_COMPILER_APPICON_NAME = AppIcon;
				CODE_SIGN_STYLE = Automatic;
				INFOPLIST_FILE = "App-Swoosh/Info.plist";
				LD_RUNPATH_SEARCH_PATHS = (
					"$(inherited)",
					"@executable_path/Frameworks",
				);
				PRODUCT_BUNDLE_IDENTIFIER = "com.clicklabs.Tookan.App-Swoosh";
				PRODUCT_NAME = "$(TARGET_NAME)";
				SWIFT_VERSION = 5.0;
				TARGETED_DEVICE_FAMILY = "1,2";
			};
			name = Debug;
		};
		1153A9512479990E003D0921 /* Release */ = {
			isa = XCBuildConfiguration;
			buildSettings = {
				ASSETCATALOG_COMPILER_APPICON_NAME = AppIcon;
				CODE_SIGN_STYLE = Automatic;
				INFOPLIST_FILE = "App-Swoosh/Info.plist";
				LD_RUNPATH_SEARCH_PATHS = (
					"$(inherited)",
					"@executable_path/Frameworks",
				);
				PRODUCT_BUNDLE_IDENTIFIER = "com.clicklabs.Tookan.App-Swoosh";
				PRODUCT_NAME = "$(TARGET_NAME)";
				SWIFT_VERSION = 5.0;
				TARGETED_DEVICE_FAMILY = "1,2";
			};
			name = Release;
		};
/* End XCBuildConfiguration section */

/* Begin XCConfigurationList section */
		1153A9362479990C003D0921 /* Build configuration list for PBXProject "App-Swoosh" */ = {
			isa = XCConfigurationList;
			buildConfigurations = (
				1153A94D2479990E003D0921 /* Debug */,
				1153A94E2479990E003D0921 /* Release */,
			);
			defaultConfigurationIsVisible = 0;
			defaultConfigurationName = Release;
		};
		1153A94F2479990E003D0921 /* Build configuration list for PBXNativeTarget "App-Swoosh" */ = {
			isa = XCConfigurationList;
			buildConfigurations = (
				1153A9502479990E003D0921 /* Debug */,
				1153A9512479990E003D0921 /* Release */,
			);
			defaultConfigurationIsVisible = 0;
			defaultConfigurationName = Release;
		};
/* End XCConfigurationList section */
	};
	rootObject = 1153A9332479990C003D0921 /* Project object */;
}
